
Microsoft Visual Studio Solution File, Format Version 12.00
# Visual Studio 15
VisualStudioVersion = 15.0.28307.1267
MinimumVisualStudioVersion = 10.0.40219.1
Project("{8BC9CEB8-8B4A-11D0-8D11-00A0C91BC942}") = "Project1", "Project1\Project1.vcxproj", "{28EE7F9A-93ED-4F66-8284-2F070341FA94}"
EndProject
Global
	GlobalSection(SolutionConfigurationPlatforms) = preSolution
		Debug|x64 = Debug|x64
		Debug|x86 = Debug|x86
		Release|x64 = Release|x64
		Release|x86 = Release|x86
	EndGlobalSection
	GlobalSection(ProjectConfigurationPlatforms) = postSolution
		{28EE7F9A-93ED-4F66-8284-2F070341FA94}.Debug|x64.ActiveCfg = Debug|x64
		{28EE7F9A-93ED-4F66-8284-2F070341FA94}.Debug|x64.Build.0 = Debug|x64
		{28EE7F9A-93ED-4F66-8284-2F070341FA94}.Debug|x86.ActiveCfg = Debug|Win32
		{28EE7F9A-93ED-4F66-8284-2F070341FA94}.Debug|x86.Build.0 = Debug|Win32
		{28EE7F9A-93ED-4F66-8284-2F070341FA94}.Release|x64.ActiveCfg = Release|x64
		{28EE7F9A-93ED-4F66-8284-2F070341FA94}.Release|x64.Build.0 = Release|x64
		{28EE7F9A-93ED-4F66-8284-2F070341FA94}.Release|x86.ActiveCfg = Release|Win32
		{28EE7F9A-93ED-4F66-8284-2F070341FA94}.Release|x86.Build.0 = Release|Win32
	EndGlobalSection
	GlobalSection(SolutionProperties) = preSolution
		HideSolutionNode = FALSE
	EndGlobalSection
	GlobalSection(ExtensibilityGlobals) = postSolution
		SolutionGuid = {5D3C0A7B-83DC-46CB-B891-30AD0982D74A}
	EndGlobalSection
EndGlobal
